
Microsoft Visual Studio Solution File, Format Version 12.00
# Visual Studio Version 17
VisualStudioVersion = 17.12.35707.178 d17.12
MinimumVisualStudioVersion = 10.0.40219.1
Project("{FAE04EC0-301F-11D3-BF4B-00C04F79EFBC}") = "AseguradoraAPI", "AseguradoraAPI\AseguradoraAPI.csproj", "{CA1948BD-9A8C-4CA7-82C0-F8D281FAA970}"
EndProject
Project("{FAE04EC0-301F-11D3-BF4B-00C04F79EFBC}") = "Data", "Data\Data.csproj", "{0A1C6353-B04A-4829-B73D-9E740298A501}"
EndProject
Project("{FAE04EC0-301F-11D3-BF4B-00C04F79EFBC}") = "Business", "Business\Business.csproj", "{9757FBD3-202A-4B9C-B162-AE0D32D4A1D7}"
EndProject
Global
	GlobalSection(SolutionConfigurationPlatforms) = preSolution
		Debug|Any CPU = Debug|Any CPU
		Release|Any CPU = Release|Any CPU
	EndGlobalSection
	GlobalSection(ProjectConfigurationPlatforms) = postSolution
		{CA1948BD-9A8C-4CA7-82C0-F8D281FAA970}.Debug|Any CPU.ActiveCfg = Debug|Any CPU
		{CA1948BD-9A8C-4CA7-82C0-F8D281FAA970}.Debug|Any CPU.Build.0 = Debug|Any CPU
		{CA1948BD-9A8C-4CA7-82C0-F8D281FAA970}.Release|Any CPU.ActiveCfg = Release|Any CPU
		{CA1948BD-9A8C-4CA7-82C0-F8D281FAA970}.Release|Any CPU.Build.0 = Release|Any CPU
		{0A1C6353-B04A-4829-B73D-9E740298A501}.Debug|Any CPU.ActiveCfg = Debug|Any CPU
		{0A1C6353-B04A-4829-B73D-9E740298A501}.Debug|Any CPU.Build.0 = Debug|Any CPU
		{0A1C6353-B04A-4829-B73D-9E740298A501}.Release|Any CPU.ActiveCfg = Release|Any CPU
		{0A1C6353-B04A-4829-B73D-9E740298A501}.Release|Any CPU.Build.0 = Release|Any CPU
		{9757FBD3-202A-4B9C-B162-AE0D32D4A1D7}.Debug|Any CPU.ActiveCfg = Debug|Any CPU
		{9757FBD3-202A-4B9C-B162-AE0D32D4A1D7}.Debug|Any CPU.Build.0 = Debug|Any CPU
		{9757FBD3-202A-4B9C-B162-AE0D32D4A1D7}.Release|Any CPU.ActiveCfg = Release|Any CPU
		{9757FBD3-202A-4B9C-B162-AE0D32D4A1D7}.Release|Any CPU.Build.0 = Release|Any CPU
	EndGlobalSection
	GlobalSection(SolutionProperties) = preSolution
		HideSolutionNode = FALSE
	EndGlobalSection
EndGlobal
